
Microsoft Visual Studio Solution File, Format Version 12.00
# Visual Studio 15
VisualStudioVersion = 15.0.28307.102
MinimumVisualStudioVersion = 10.0.40219.1
Project("{FAE04EC0-301F-11D3-BF4B-00C04F79EFBC}") = "NETCORE.T4", "NETCORE.T4\NETCORE.T4.csproj", "{2849C19C-6856-422B-87E4-B46F4EEDF3FD}"
EndProject
Global
	GlobalSection(SolutionConfigurationPlatforms) = preSolution
		Debug|Any CPU = Debug|Any CPU
		Release|Any CPU = Release|Any CPU
	EndGlobalSection
	GlobalSection(ProjectConfigurationPlatforms) = postSolution
		{2849C19C-6856-422B-87E4-B46F4EEDF3FD}.Debug|Any CPU.ActiveCfg = Debug|Any CPU
		{2849C19C-6856-422B-87E4-B46F4EEDF3FD}.Debug|Any CPU.Build.0 = Debug|Any CPU
		{2849C19C-6856-422B-87E4-B46F4EEDF3FD}.Release|Any CPU.ActiveCfg = Release|Any CPU
		{2849C19C-6856-422B-87E4-B46F4EEDF3FD}.Release|Any CPU.Build.0 = Release|Any CPU
	EndGlobalSection
	GlobalSection(SolutionProperties) = preSolution
		HideSolutionNode = FALSE
	EndGlobalSection
	GlobalSection(ExtensibilityGlobals) = postSolution
		SolutionGuid = {04843E35-91C1-4A3E-8160-88168C2DCBA6}
	EndGlobalSection
EndGlobal
