
Microsoft Visual Studio Solution File, Format Version 12.00
# Visual Studio 15
VisualStudioVersion = 15.0.28010.2003
MinimumVisualStudioVersion = 10.0.40219.1
Project("{FAE04EC0-301F-11D3-BF4B-00C04F79EFBC}") = "NETCORE.QUARTZ.NET", "NETCORE.QUARTZ.NET\NETCORE.QUARTZ.NET.csproj", "{16A093E6-574B-4808-9249-AF0EB31F8D60}"
EndProject
Global
	GlobalSection(SolutionConfigurationPlatforms) = preSolution
		Debug|Any CPU = Debug|Any CPU
		Release|Any CPU = Release|Any CPU
	EndGlobalSection
	GlobalSection(ProjectConfigurationPlatforms) = postSolution
		{16A093E6-574B-4808-9249-AF0EB31F8D60}.Debug|Any CPU.ActiveCfg = Debug|Any CPU
		{16A093E6-574B-4808-9249-AF0EB31F8D60}.Debug|Any CPU.Build.0 = Debug|Any CPU
		{16A093E6-574B-4808-9249-AF0EB31F8D60}.Release|Any CPU.ActiveCfg = Release|Any CPU
		{16A093E6-574B-4808-9249-AF0EB31F8D60}.Release|Any CPU.Build.0 = Release|Any CPU
	EndGlobalSection
	GlobalSection(SolutionProperties) = preSolution
		HideSolutionNode = FALSE
	EndGlobalSection
	GlobalSection(ExtensibilityGlobals) = postSolution
		SolutionGuid = {92029D18-5919-40BA-997F-E5EA94A170A2}
	EndGlobalSection
EndGlobal
