
Microsoft Visual Studio Solution File, Format Version 12.00
# Visual Studio 15
VisualStudioVersion = 15.0.28307.102
MinimumVisualStudioVersion = 10.0.40219.1
Project("{FAE04EC0-301F-11D3-BF4B-00C04F79EFBC}") = "NETCORE.EF", "NETCORE.EF\NETCORE.EF.csproj", "{893FBB9E-7F2B-497C-8098-29C672D54834}"
EndProject
Global
	GlobalSection(SolutionConfigurationPlatforms) = preSolution
		Debug|Any CPU = Debug|Any CPU
		Release|Any CPU = Release|Any CPU
	EndGlobalSection
	GlobalSection(ProjectConfigurationPlatforms) = postSolution
		{893FBB9E-7F2B-497C-8098-29C672D54834}.Debug|Any CPU.ActiveCfg = Debug|Any CPU
		{893FBB9E-7F2B-497C-8098-29C672D54834}.Debug|Any CPU.Build.0 = Debug|Any CPU
		{893FBB9E-7F2B-497C-8098-29C672D54834}.Release|Any CPU.ActiveCfg = Release|Any CPU
		{893FBB9E-7F2B-497C-8098-29C672D54834}.Release|Any CPU.Build.0 = Release|Any CPU
	EndGlobalSection
	GlobalSection(SolutionProperties) = preSolution
		HideSolutionNode = FALSE
	EndGlobalSection
	GlobalSection(ExtensibilityGlobals) = postSolution
		SolutionGuid = {A0B427C2-61B2-4375-B687-3860275E5E0E}
	EndGlobalSection
EndGlobal
